// !$*UTF8*$!
{
	archiveVersion = 1;
	classes = {
	};
	objectVersion = 77;
	objects = {

/* Begin PBXBuildFile section */
		4ED427732E3BF44700DEF801 /* GraphEditor Watch App.app in Embed Watch Content */ = {isa = PBXBuildFile; fileRef = 4ED427722E3BF44700DEF801 /* GraphEditor Watch App.app */; settings = {ATTRIBUTES = (RemoveHeadersOnCopy, ); }; };
		4ED768012E3D574E00929FA8 /* GraphEditorShared.swift in Sources */ = {isa = PBXBuildFile; fileRef = 4ED767FD2E3D574E00929FA8 /* GraphEditorShared.swift */; };
		4ED768022E3D574E00929FA8 /* GraphEditorShared.docc in Sources */ = {isa = PBXBuildFile; fileRef = 4ED767FC2E3D574E00929FA8 /* GraphEditorShared.docc */; };
		4ED768032E3D574E00929FA8 /* Utilities.swift in Sources */ = {isa = PBXBuildFile; fileRef = 4ED767FE2E3D574E00929FA8 /* Utilities.swift */; };
		4ED768042E3D574E00929FA8 /* GraphEditorShared.swift in Sources */ = {isa = PBXBuildFile; fileRef = 4ED767FD2E3D574E00929FA8 /* GraphEditorShared.swift */; };
		4ED768052E3D574E00929FA8 /* GraphEditorShared.docc in Sources */ = {isa = PBXBuildFile; fileRef = 4ED767FC2E3D574E00929FA8 /* GraphEditorShared.docc */; };
		4ED768062E3D574E00929FA8 /* Utilities.swift in Sources */ = {isa = PBXBuildFile; fileRef = 4ED767FE2E3D574E00929FA8 /* Utilities.swift */; };
		4ED768072E3D574E00929FA8 /* GraphEditorShared.swift in Sources */ = {isa = PBXBuildFile; fileRef = 4ED767FD2E3D574E00929FA8 /* GraphEditorShared.swift */; };
		4ED768082E3D574E00929FA8 /* GraphEditorShared.docc in Sources */ = {isa = PBXBuildFile; fileRef = 4ED767FC2E3D574E00929FA8 /* GraphEditorShared.docc */; };
		4ED768092E3D574E00929FA8 /* Utilities.swift in Sources */ = {isa = PBXBuildFile; fileRef = 4ED767FE2E3D574E00929FA8 /* Utilities.swift */; };
		4EF955412E3D5A3700EE3C2E /* GraphEditorShared in Frameworks */ = {isa = PBXBuildFile; productRef = 4EF955402E3D5A3700EE3C2E /* GraphEditorShared */; };
/* End PBXBuildFile section */

/* Begin PBXContainerItemProxy section */
		4ED427742E3BF44700DEF801 /* PBXContainerItemProxy */ = {
			isa = PBXContainerItemProxy;
			containerPortal = 4ED427662E3BF44700DEF801 /* Project object */;
			proxyType = 1;
			remoteGlobalIDString = 4ED427712E3BF44700DEF801;
			remoteInfo = "GraphEditor Watch App";
		};
		4ED767992E3C7DFC00929FA8 /* PBXContainerItemProxy */ = {
			isa = PBXContainerItemProxy;
			containerPortal = 4ED427662E3BF44700DEF801 /* Project object */;
			proxyType = 1;
			remoteGlobalIDString = 4ED427712E3BF44700DEF801;
			remoteInfo = "GraphEditor Watch App";
		};
/* End PBXContainerItemProxy section */

/* Begin PBXCopyFilesBuildPhase section */
		4ED427822E3BF44800DEF801 /* Embed Watch Content */ = {
			isa = PBXCopyFilesBuildPhase;
			buildActionMask = 2147483647;
			dstPath = "$(CONTENTS_FOLDER_PATH)/Watch";
			dstSubfolderSpec = 16;
			files = (
				4ED427732E3BF44700DEF801 /* GraphEditor Watch App.app in Embed Watch Content */,
			);
			name = "Embed Watch Content";
			runOnlyForDeploymentPostprocessing = 0;
		};
		4ED767FA2E3D506900929FA8 /* Embed Frameworks */ = {
			isa = PBXCopyFilesBuildPhase;
			buildActionMask = 2147483647;
			dstPath = "";
			dstSubfolderSpec = 10;
			files = (
			);
			name = "Embed Frameworks";
			runOnlyForDeploymentPostprocessing = 0;
		};
/* End PBXCopyFilesBuildPhase section */

/* Begin PBXFileReference section */
		4ED4276C2E3BF44700DEF801 /* GraphEditor.app */ = {isa = PBXFileReference; explicitFileType = wrapper.application; includeInIndex = 0; path = GraphEditor.app; sourceTree = BUILT_PRODUCTS_DIR; };
		4ED427722E3BF44700DEF801 /* GraphEditor Watch App.app */ = {isa = PBXFileReference; explicitFileType = wrapper.application; includeInIndex = 0; path = "GraphEditor Watch App.app"; sourceTree = BUILT_PRODUCTS_DIR; };
		4ED767952E3C7DFC00929FA8 /* GraphEditor Watch AppTests.xctest */ = {isa = PBXFileReference; explicitFileType = wrapper.cfbundle; includeInIndex = 0; path = "GraphEditor Watch AppTests.xctest"; sourceTree = BUILT_PRODUCTS_DIR; };
		4ED767E62E3D4FC800929FA8 /* GraphEditorSharedTests.xctest */ = {isa = PBXFileReference; explicitFileType = wrapper.cfbundle; includeInIndex = 0; path = GraphEditorSharedTests.xctest; sourceTree = BUILT_PRODUCTS_DIR; };
		4ED767FB2E3D535E00929FA8 /* GraphEditorShared */ = {isa = PBXFileReference; lastKnownFileType = wrapper; name = GraphEditorShared; path = ../GraphEditorShared; sourceTree = SOURCE_ROOT; };
		4ED767FC2E3D574E00929FA8 /* GraphEditorShared.docc */ = {isa = PBXFileReference; lastKnownFileType = folder.documentationcatalog; path = GraphEditorShared.docc; sourceTree = "<group>"; };
		4ED767FD2E3D574E00929FA8 /* GraphEditorShared.swift */ = {isa = PBXFileReference; lastKnownFileType = sourcecode.swift; path = GraphEditorShared.swift; sourceTree = "<group>"; };
		4ED767FE2E3D574E00929FA8 /* Utilities.swift */ = {isa = PBXFileReference; lastKnownFileType = sourcecode.swift; path = Utilities.swift; sourceTree = "<group>"; };
/* End PBXFileReference section */

/* Begin PBXFileSystemSynchronizedBuildFileExceptionSet section */
		4ED767A42E3C9C9200929FA8 /* Exceptions for "GraphEditor Watch App" folder in "GraphEditor Watch App" target */ = {
			isa = PBXFileSystemSynchronizedBuildFileExceptionSet;
			membershipExceptions = (
				Utilities/Utilities.swift,
			);
			target = 4ED427712E3BF44700DEF801 /* GraphEditor Watch App */;
		};
/* End PBXFileSystemSynchronizedBuildFileExceptionSet section */

/* Begin PBXFileSystemSynchronizedGroupBuildPhaseMembershipExceptionSet section */
		4ED767A52E3C9C9200929FA8 /* Exceptions for "GraphEditor Watch App" folder in "Copy Bundle Resources" phase from "GraphEditor Watch App" target */ = {
			isa = PBXFileSystemSynchronizedGroupBuildPhaseMembershipExceptionSet;
			buildPhase = 4ED427702E3BF44700DEF801 /* Resources */;
			membershipExceptions = (
				Utilities/Utilities.swift,
			);
		};
/* End PBXFileSystemSynchronizedGroupBuildPhaseMembershipExceptionSet section */

/* Begin PBXFileSystemSynchronizedRootGroup section */
		4ED427762E3BF44700DEF801 /* GraphEditor Watch App */ = {
			isa = PBXFileSystemSynchronizedRootGroup;
			exceptions = (
				4ED767A42E3C9C9200929FA8 /* Exceptions for "GraphEditor Watch App" folder in "GraphEditor Watch App" target */,
				4ED767A52E3C9C9200929FA8 /* Exceptions for "GraphEditor Watch App" folder in "Copy Bundle Resources" phase from "GraphEditor Watch App" target */,
			);
			path = "GraphEditor Watch App";
			sourceTree = "<group>";
		};
/* End PBXFileSystemSynchronizedRootGroup section */

/* Begin PBXFrameworksBuildPhase section */
		4ED4276F2E3BF44700DEF801 /* Frameworks */ = {
			isa = PBXFrameworksBuildPhase;
			buildActionMask = 2147483647;
			files = (
				4EF955412E3D5A3700EE3C2E /* GraphEditorShared in Frameworks */,
			);
			runOnlyForDeploymentPostprocessing = 0;
		};
		4ED767922E3C7DFC00929FA8 /* Frameworks */ = {
			isa = PBXFrameworksBuildPhase;
			buildActionMask = 2147483647;
			files = (
			);
			runOnlyForDeploymentPostprocessing = 0;
		};
		4ED767E32E3D4FC800929FA8 /* Frameworks */ = {
			isa = PBXFrameworksBuildPhase;
			buildActionMask = 2147483647;
			files = (
			);
			runOnlyForDeploymentPostprocessing = 0;
		};
/* End PBXFrameworksBuildPhase section */

/* Begin PBXGroup section */
		4ED427652E3BF44700DEF801 = {
			isa = PBXGroup;
			children = (
				4ED768002E3D574E00929FA8 /* Sources */,
				4ED767FB2E3D535E00929FA8 /* GraphEditorShared */,
				4ED427762E3BF44700DEF801 /* GraphEditor Watch App */,
				4ED767F52E3D506900929FA8 /* Frameworks */,
				4ED4276D2E3BF44700DEF801 /* Products */,
			);
			sourceTree = "<group>";
		};
		4ED4276D2E3BF44700DEF801 /* Products */ = {
			isa = PBXGroup;
			children = (
				4ED4276C2E3BF44700DEF801 /* GraphEditor.app */,
				4ED427722E3BF44700DEF801 /* GraphEditor Watch App.app */,
				4ED767952E3C7DFC00929FA8 /* GraphEditor Watch AppTests.xctest */,
				4ED767E62E3D4FC800929FA8 /* GraphEditorSharedTests.xctest */,
			);
			name = Products;
			sourceTree = "<group>";
		};
		4ED767F52E3D506900929FA8 /* Frameworks */ = {
			isa = PBXGroup;
			children = (
			);
			name = Frameworks;
			sourceTree = "<group>";
		};
		4ED767FF2E3D574E00929FA8 /* GraphEditorShared */ = {
			isa = PBXGroup;
			children = (
				4ED767FC2E3D574E00929FA8 /* GraphEditorShared.docc */,
				4ED767FD2E3D574E00929FA8 /* GraphEditorShared.swift */,
				4ED767FE2E3D574E00929FA8 /* Utilities.swift */,
			);
			path = GraphEditorShared;
			sourceTree = "<group>";
		};
		4ED768002E3D574E00929FA8 /* Sources */ = {
			isa = PBXGroup;
			children = (
				4ED767FF2E3D574E00929FA8 /* GraphEditorShared */,
			);
			path = Sources;
			sourceTree = "<group>";
		};
/* End PBXGroup section */

/* Begin PBXNativeTarget section */
		4ED4276B2E3BF44700DEF801 /* GraphEditor */ = {
			isa = PBXNativeTarget;
			buildConfigurationList = 4ED427832E3BF44800DEF801 /* Build configuration list for PBXNativeTarget "GraphEditor" */;
			buildPhases = (
				4ED4276A2E3BF44700DEF801 /* Resources */,
				4ED427822E3BF44800DEF801 /* Embed Watch Content */,
			);
			buildRules = (
			);
			dependencies = (
				4ED427752E3BF44700DEF801 /* PBXTargetDependency */,
			);
			name = GraphEditor;
			packageProductDependencies = (
			);
			productName = GraphEditor;
			productReference = 4ED4276C2E3BF44700DEF801 /* GraphEditor.app */;
			productType = "com.apple.product-type.application.watchapp2-container";
		};
		4ED427712E3BF44700DEF801 /* GraphEditor Watch App */ = {
			isa = PBXNativeTarget;
			buildConfigurationList = 4ED4277F2E3BF44800DEF801 /* Build configuration list for PBXNativeTarget "GraphEditor Watch App" */;
			buildPhases = (
				4ED4276E2E3BF44700DEF801 /* Sources */,
				4ED4276F2E3BF44700DEF801 /* Frameworks */,
				4ED427702E3BF44700DEF801 /* Resources */,
				4ED767FA2E3D506900929FA8 /* Embed Frameworks */,
			);
			buildRules = (
			);
			dependencies = (
			);
			fileSystemSynchronizedGroups = (
				4ED427762E3BF44700DEF801 /* GraphEditor Watch App */,
			);
			name = "GraphEditor Watch App";
			packageProductDependencies = (
				4EF955402E3D5A3700EE3C2E /* GraphEditorShared */,
			);
			productName = "GraphEditor Watch App";
			productReference = 4ED427722E3BF44700DEF801 /* GraphEditor Watch App.app */;
			productType = "com.apple.product-type.application";
		};
		4ED767942E3C7DFC00929FA8 /* GraphEditor Watch AppTests */ = {
			isa = PBXNativeTarget;
			buildConfigurationList = 4ED7679B2E3C7DFC00929FA8 /* Build configuration list for PBXNativeTarget "GraphEditor Watch AppTests" */;
			buildPhases = (
				4ED767912E3C7DFC00929FA8 /* Sources */,
				4ED767922E3C7DFC00929FA8 /* Frameworks */,
				4ED767932E3C7DFC00929FA8 /* Resources */,
			);
			buildRules = (
			);
			dependencies = (
				4ED7679A2E3C7DFC00929FA8 /* PBXTargetDependency */,
			);
			name = "GraphEditor Watch AppTests";
			packageProductDependencies = (
			);
			productName = "GraphEditor Watch AppTests";
			productReference = 4ED767952E3C7DFC00929FA8 /* GraphEditor Watch AppTests.xctest */;
			productType = "com.apple.product-type.bundle.unit-test";
		};
		4ED767E52E3D4FC800929FA8 /* GraphEditorSharedTests */ = {
			isa = PBXNativeTarget;
			buildConfigurationList = 4ED767F02E3D4FC800929FA8 /* Build configuration list for PBXNativeTarget "GraphEditorSharedTests" */;
			buildPhases = (
				4ED767E22E3D4FC800929FA8 /* Sources */,
				4ED767E32E3D4FC800929FA8 /* Frameworks */,
				4ED767E42E3D4FC800929FA8 /* Resources */,
			);
			buildRules = (
			);
			dependencies = (
			);
			name = GraphEditorSharedTests;
			packageProductDependencies = (
			);
			productName = GraphEditorSharedTests;
			productReference = 4ED767E62E3D4FC800929FA8 /* GraphEditorSharedTests.xctest */;
			productType = "com.apple.product-type.bundle.unit-test";
		};
/* End PBXNativeTarget section */

/* Begin PBXProject section */
		4ED427662E3BF44700DEF801 /* Project object */ = {
			isa = PBXProject;
			attributes = {
				BuildIndependentTargetsInParallel = 1;
				LastSwiftUpdateCheck = 1640;
				LastUpgradeCheck = 1640;
				TargetAttributes = {
					4ED4276B2E3BF44700DEF801 = {
						CreatedOnToolsVersion = 16.4;
						LastSwiftMigration = 1640;
					};
					4ED427712E3BF44700DEF801 = {
						CreatedOnToolsVersion = 16.4;
					};
					4ED767942E3C7DFC00929FA8 = {
						CreatedOnToolsVersion = 16.4;
						TestTargetID = 4ED427712E3BF44700DEF801;
					};
					4ED767E52E3D4FC800929FA8 = {
						CreatedOnToolsVersion = 16.4;
					};
				};
			};
			buildConfigurationList = 4ED427692E3BF44700DEF801 /* Build configuration list for PBXProject "GraphEditor" */;
			developmentRegion = en;
			hasScannedForEncodings = 0;
			knownRegions = (
				en,
				Base,
			);
			mainGroup = 4ED427652E3BF44700DEF801;
			minimizedProjectReferenceProxies = 1;
			packageReferences = (
				4E7FF0E52E3D599800D5FB37 /* XCLocalSwiftPackageReference "../GraphEditorShared" */,
			);
			preferredProjectObjectVersion = 77;
			productRefGroup = 4ED4276D2E3BF44700DEF801 /* Products */;
			projectDirPath = "";
			projectRoot = "";
			targets = (
				4ED4276B2E3BF44700DEF801 /* GraphEditor */,
				4ED427712E3BF44700DEF801 /* GraphEditor Watch App */,
				4ED767942E3C7DFC00929FA8 /* GraphEditor Watch AppTests */,
				4ED767E52E3D4FC800929FA8 /* GraphEditorSharedTests */,
			);
		};
/* End PBXProject section */

/* Begin PBXResourcesBuildPhase section */
		4ED4276A2E3BF44700DEF801 /* Resources */ = {
			isa = PBXResourcesBuildPhase;
			buildActionMask = 2147483647;
			files = (
			);
			runOnlyForDeploymentPostprocessing = 0;
		};
		4ED427702E3BF44700DEF801 /* Resources */ = {
			isa = PBXResourcesBuildPhase;
			buildActionMask = 2147483647;
			files = (
			);
			runOnlyForDeploymentPostprocessing = 0;
		};
		4ED767932E3C7DFC00929FA8 /* Resources */ = {
			isa = PBXResourcesBuildPhase;
			buildActionMask = 2147483647;
			files = (
			);
			runOnlyForDeploymentPostprocessing = 0;
		};
		4ED767E42E3D4FC800929FA8 /* Resources */ = {
			isa = PBXResourcesBuildPhase;
			buildActionMask = 2147483647;
			files = (
			);
			runOnlyForDeploymentPostprocessing = 0;
		};
/* End PBXResourcesBuildPhase section */

/* Begin PBXSourcesBuildPhase section */
		4ED4276E2E3BF44700DEF801 /* Sources */ = {
			isa = PBXSourcesBuildPhase;
			buildActionMask = 2147483647;
			files = (
				4ED768042E3D574E00929FA8 /* GraphEditorShared.swift in Sources */,
				4ED768052E3D574E00929FA8 /* GraphEditorShared.docc in Sources */,
				4ED768062E3D574E00929FA8 /* Utilities.swift in Sources */,
			);
			runOnlyForDeploymentPostprocessing = 0;
		};
		4ED767912E3C7DFC00929FA8 /* Sources */ = {
			isa = PBXSourcesBuildPhase;
			buildActionMask = 2147483647;
			files = (
				4ED768012E3D574E00929FA8 /* GraphEditorShared.swift in Sources */,
				4ED768022E3D574E00929FA8 /* GraphEditorShared.docc in Sources */,
				4ED768032E3D574E00929FA8 /* Utilities.swift in Sources */,
			);
			runOnlyForDeploymentPostprocessing = 0;
		};
		4ED767E22E3D4FC800929FA8 /* Sources */ = {
			isa = PBXSourcesBuildPhase;
			buildActionMask = 2147483647;
			files = (
				4ED768072E3D574E00929FA8 /* GraphEditorShared.swift in Sources */,
				4ED768082E3D574E00929FA8 /* GraphEditorShared.docc in Sources */,
				4ED768092E3D574E00929FA8 /* Utilities.swift in Sources */,
			);
			runOnlyForDeploymentPostprocessing = 0;
		};
/* End PBXSourcesBuildPhase section */

/* Begin PBXTargetDependency section */
		4ED427752E3BF44700DEF801 /* PBXTargetDependency */ = {
			isa = PBXTargetDependency;
			target = 4ED427712E3BF44700DEF801 /* GraphEditor Watch App */;
			targetProxy = 4ED427742E3BF44700DEF801 /* PBXContainerItemProxy */;
		};
		4ED7679A2E3C7DFC00929FA8 /* PBXTargetDependency */ = {
			isa = PBXTargetDependency;
			target = 4ED427712E3BF44700DEF801 /* GraphEditor Watch App */;
			targetProxy = 4ED767992E3C7DFC00929FA8 /* PBXContainerItemProxy */;
		};
/* End PBXTargetDependency section */

/* Begin XCBuildConfiguration section */
		4ED4277D2E3BF44800DEF801 /* Debug */ = {
			isa = XCBuildConfiguration;
			buildSettings = {
				ALWAYS_SEARCH_USER_PATHS = NO;
				ASSETCATALOG_COMPILER_GENERATE_SWIFT_ASSET_SYMBOL_EXTENSIONS = YES;
				CLANG_ANALYZER_NONNULL = YES;
				CLANG_ANALYZER_NUMBER_OBJECT_CONVERSION = YES_AGGRESSIVE;
				CLANG_CXX_LANGUAGE_STANDARD = "gnu++20";
				CLANG_ENABLE_MODULES = YES;
				CLANG_ENABLE_OBJC_ARC = YES;
				CLANG_ENABLE_OBJC_WEAK = YES;
				CLANG_WARN_BLOCK_CAPTURE_AUTORELEASING = YES;
				CLANG_WARN_BOOL_CONVERSION = YES;
				CLANG_WARN_COMMA = YES;
				CLANG_WARN_CONSTANT_CONVERSION = YES;
				CLANG_WARN_DEPRECATED_OBJC_IMPLEMENTATIONS = YES;
				CLANG_WARN_DIRECT_OBJC_ISA_USAGE = YES_ERROR;
				CLANG_WARN_DOCUMENTATION_COMMENTS = YES;
				CLANG_WARN_EMPTY_BODY = YES;
				CLANG_WARN_ENUM_CONVERSION = YES;
				CLANG_WARN_INFINITE_RECURSION = YES;
				CLANG_WARN_INT_CONVERSION = YES;
				CLANG_WARN_NON_LITERAL_NULL_CONVERSION = YES;
				CLANG_WARN_OBJC_IMPLICIT_RETAIN_SELF = YES;
				CLANG_WARN_OBJC_LITERAL_CONVERSION = YES;
				CLANG_WARN_OBJC_ROOT_CLASS = YES_ERROR;
				CLANG_WARN_QUOTED_INCLUDE_IN_FRAMEWORK_HEADER = YES;
				CLANG_WARN_RANGE_LOOP_ANALYSIS = YES;
				CLANG_WARN_STRICT_PROTOTYPES = YES;
				CLANG_WARN_SUSPICIOUS_MOVE = YES;
				CLANG_WARN_UNGUARDED_AVAILABILITY = YES_AGGRESSIVE;
				CLANG_WARN_UNREACHABLE_CODE = YES;
				CLANG_WARN__DUPLICATE_METHOD_MATCH = YES;
				COPY_PHASE_STRIP = NO;
				DEBUG_INFORMATION_FORMAT = dwarf;
				DEVELOPMENT_TEAM = X2UG4373KC;
				ENABLE_STRICT_OBJC_MSGSEND = YES;
				ENABLE_TESTABILITY = YES;
				ENABLE_USER_SCRIPT_SANDBOXING = YES;
				GCC_C_LANGUAGE_STANDARD = gnu17;
				GCC_DYNAMIC_NO_PIC = NO;
				GCC_NO_COMMON_BLOCKS = YES;
				GCC_OPTIMIZATION_LEVEL = 0;
				GCC_PREPROCESSOR_DEFINITIONS = (
					"DEBUG=1",
					"$(inherited)",
				);
				GCC_WARN_64_TO_32_BIT_CONVERSION = YES;
				GCC_WARN_ABOUT_RETURN_TYPE = YES_ERROR;
				GCC_WARN_UNDECLARED_SELECTOR = YES;
				GCC_WARN_UNINITIALIZED_AUTOS = YES_AGGRESSIVE;
				GCC_WARN_UNUSED_FUNCTION = YES;
				GCC_WARN_UNUSED_VARIABLE = YES;
				LOCALIZATION_PREFERS_STRING_CATALOGS = YES;
				MTL_ENABLE_DEBUG_INFO = INCLUDE_SOURCE;
				MTL_FAST_MATH = YES;
				ONLY_ACTIVE_ARCH = YES;
				SWIFT_ACTIVE_COMPILATION_CONDITIONS = "DEBUG $(inherited)";
				SWIFT_OPTIMIZATION_LEVEL = "-Onone";
			};
			name = Debug;
		};
		4ED4277E2E3BF44800DEF801 /* Release */ = {
			isa = XCBuildConfiguration;
			buildSettings = {
				ALWAYS_SEARCH_USER_PATHS = NO;
				ASSETCATALOG_COMPILER_GENERATE_SWIFT_ASSET_SYMBOL_EXTENSIONS = YES;
				CLANG_ANALYZER_NONNULL = YES;
				CLANG_ANALYZER_NUMBER_OBJECT_CONVERSION = YES_AGGRESSIVE;
				CLANG_CXX_LANGUAGE_STANDARD = "gnu++20";
				CLANG_ENABLE_MODULES = YES;
				CLANG_ENABLE_OBJC_ARC = YES;
				CLANG_ENABLE_OBJC_WEAK = YES;
				CLANG_WARN_BLOCK_CAPTURE_AUTORELEASING = YES;
				CLANG_WARN_BOOL_CONVERSION = YES;
				CLANG_WARN_COMMA = YES;
				CLANG_WARN_CONSTANT_CONVERSION = YES;
				CLANG_WARN_DEPRECATED_OBJC_IMPLEMENTATIONS = YES;
				CLANG_WARN_DIRECT_OBJC_ISA_USAGE = YES_ERROR;
				CLANG_WARN_DOCUMENTATION_COMMENTS = YES;
				CLANG_WARN_EMPTY_BODY = YES;
				CLANG_WARN_ENUM_CONVERSION = YES;
				CLANG_WARN_INFINITE_RECURSION = YES;
				CLANG_WARN_INT_CONVERSION = YES;
				CLANG_WARN_NON_LITERAL_NULL_CONVERSION = YES;
				CLANG_WARN_OBJC_IMPLICIT_RETAIN_SELF = YES;
				CLANG_WARN_OBJC_LITERAL_CONVERSION = YES;
				CLANG_WARN_OBJC_ROOT_CLASS = YES_ERROR;
				CLANG_WARN_QUOTED_INCLUDE_IN_FRAMEWORK_HEADER = YES;
				CLANG_WARN_RANGE_LOOP_ANALYSIS = YES;
				CLANG_WARN_STRICT_PROTOTYPES = YES;
				CLANG_WARN_SUSPICIOUS_MOVE = YES;
				CLANG_WARN_UNGUARDED_AVAILABILITY = YES_AGGRESSIVE;
				CLANG_WARN_UNREACHABLE_CODE = YES;
				CLANG_WARN__DUPLICATE_METHOD_MATCH = YES;
				COPY_PHASE_STRIP = NO;
				DEBUG_INFORMATION_FORMAT = "dwarf-with-dsym";
				DEVELOPMENT_TEAM = X2UG4373KC;
				ENABLE_NS_ASSERTIONS = NO;
				ENABLE_STRICT_OBJC_MSGSEND = YES;
				ENABLE_USER_SCRIPT_SANDBOXING = YES;
				GCC_C_LANGUAGE_STANDARD = gnu17;
				GCC_NO_COMMON_BLOCKS = YES;
				GCC_WARN_64_TO_32_BIT_CONVERSION = YES;
				GCC_WARN_ABOUT_RETURN_TYPE = YES_ERROR;
				GCC_WARN_UNDECLARED_SELECTOR = YES;
				GCC_WARN_UNINITIALIZED_AUTOS = YES_AGGRESSIVE;
				GCC_WARN_UNUSED_FUNCTION = YES;
				GCC_WARN_UNUSED_VARIABLE = YES;
				LOCALIZATION_PREFERS_STRING_CATALOGS = YES;
				MTL_ENABLE_DEBUG_INFO = NO;
				MTL_FAST_MATH = YES;
				SWIFT_COMPILATION_MODE = wholemodule;
			};
			name = Release;
		};
		4ED427802E3BF44800DEF801 /* Debug */ = {
			isa = XCBuildConfiguration;
			buildSettings = {
				ASSETCATALOG_COMPILER_APPICON_NAME = AppIcon;
				ASSETCATALOG_COMPILER_GLOBAL_ACCENT_COLOR_NAME = AccentColor;
				CODE_SIGN_STYLE = Automatic;
				CURRENT_PROJECT_VERSION = 1;
				DEVELOPMENT_TEAM = X2UG4373KC;
				ENABLE_PREVIEWS = YES;
				GENERATE_INFOPLIST_FILE = YES;
				INFOPLIST_KEY_CFBundleDisplayName = GraphEditor;
				INFOPLIST_KEY_UISupportedInterfaceOrientations = "UIInterfaceOrientationPortrait UIInterfaceOrientationPortraitUpsideDown";
				INFOPLIST_KEY_WKWatchOnly = YES;
				LD_RUNPATH_SEARCH_PATHS = (
					"$(inherited)",
					"@executable_path/Frameworks",
				);
				MARKETING_VERSION = 1.0;
				PRODUCT_BUNDLE_IDENTIFIER = io.handcart.GraphEditor.watchkitapp;
				PRODUCT_NAME = "$(TARGET_NAME)";
				SDKROOT = watchos;
				SKIP_INSTALL = YES;
				SWIFT_EMIT_LOC_STRINGS = YES;
				SWIFT_VERSION = 5.0;
				TARGETED_DEVICE_FAMILY = 4;
				WATCHOS_DEPLOYMENT_TARGET = 11.5;
			};
			name = Debug;
		};
		4ED427812E3BF44800DEF801 /* Release */ = {
			isa = XCBuildConfiguration;
			buildSettings = {
				ASSETCATALOG_COMPILER_APPICON_NAME = AppIcon;
				ASSETCATALOG_COMPILER_GLOBAL_ACCENT_COLOR_NAME = AccentColor;
				CODE_SIGN_STYLE = Automatic;
				CURRENT_PROJECT_VERSION = 1;
				DEVELOPMENT_TEAM = X2UG4373KC;
				ENABLE_PREVIEWS = YES;
				GENERATE_INFOPLIST_FILE = YES;
				INFOPLIST_KEY_CFBundleDisplayName = GraphEditor;
				INFOPLIST_KEY_UISupportedInterfaceOrientations = "UIInterfaceOrientationPortrait UIInterfaceOrientationPortraitUpsideDown";
				INFOPLIST_KEY_WKWatchOnly = YES;
				LD_RUNPATH_SEARCH_PATHS = (
					"$(inherited)",
					"@executable_path/Frameworks",
				);
				MARKETING_VERSION = 1.0;
				PRODUCT_BUNDLE_IDENTIFIER = io.handcart.GraphEditor.watchkitapp;
				PRODUCT_NAME = "$(TARGET_NAME)";
				SDKROOT = watchos;
				SKIP_INSTALL = YES;
				SWIFT_EMIT_LOC_STRINGS = YES;
				SWIFT_VERSION = 5.0;
				TARGETED_DEVICE_FAMILY = 4;
				VALIDATE_PRODUCT = YES;
				WATCHOS_DEPLOYMENT_TARGET = 11.5;
			};
			name = Release;
		};
		4ED427842E3BF44800DEF801 /* Debug */ = {
			isa = XCBuildConfiguration;
			buildSettings = {
				CLANG_ENABLE_MODULES = YES;
				CODE_SIGN_STYLE = Automatic;
				CURRENT_PROJECT_VERSION = 1;
				DEVELOPMENT_TEAM = X2UG4373KC;
				INFOPLIST_KEY_CFBundleDisplayName = GraphEditor;
				MARKETING_VERSION = 1.0;
				PRODUCT_BUNDLE_IDENTIFIER = io.handcart.GraphEditor;
				PRODUCT_NAME = "$(TARGET_NAME)";
				SDKROOT = iphoneos;
				SWIFT_OPTIMIZATION_LEVEL = "-Onone";
				SWIFT_VERSION = 5.0;
			};
			name = Debug;
		};
		4ED427852E3BF44800DEF801 /* Release */ = {
			isa = XCBuildConfiguration;
			buildSettings = {
				CLANG_ENABLE_MODULES = YES;
				CODE_SIGN_STYLE = Automatic;
				CURRENT_PROJECT_VERSION = 1;
				DEVELOPMENT_TEAM = X2UG4373KC;
				INFOPLIST_KEY_CFBundleDisplayName = GraphEditor;
				MARKETING_VERSION = 1.0;
				PRODUCT_BUNDLE_IDENTIFIER = io.handcart.GraphEditor;
				PRODUCT_NAME = "$(TARGET_NAME)";
				SDKROOT = iphoneos;
				SWIFT_VERSION = 5.0;
				VALIDATE_PRODUCT = YES;
			};
			name = Release;
		};
		4ED7679C2E3C7DFC00929FA8 /* Debug */ = {
			isa = XCBuildConfiguration;
			buildSettings = {
				BUNDLE_LOADER = "$(TEST_HOST)";
				CODE_SIGN_STYLE = Automatic;
				CURRENT_PROJECT_VERSION = 1;
				DEVELOPMENT_TEAM = X2UG4373KC;
				GENERATE_INFOPLIST_FILE = YES;
				MARKETING_VERSION = 1.0;
				PRODUCT_BUNDLE_IDENTIFIER = "io.handcart.GraphEditor-Watch-AppTests";
				PRODUCT_NAME = "$(TARGET_NAME)";
				SDKROOT = watchos;
				SWIFT_EMIT_LOC_STRINGS = NO;
				SWIFT_VERSION = 5.0;
				TARGETED_DEVICE_FAMILY = 4;
				TEST_HOST = "$(BUILT_PRODUCTS_DIR)/GraphEditor Watch App.app/$(BUNDLE_EXECUTABLE_FOLDER_PATH)/GraphEditor Watch App";
				WATCHOS_DEPLOYMENT_TARGET = 11.5;
			};
			name = Debug;
		};
		4ED7679D2E3C7DFC00929FA8 /* Release */ = {
			isa = XCBuildConfiguration;
			buildSettings = {
				BUNDLE_LOADER = "$(TEST_HOST)";
				CODE_SIGN_STYLE = Automatic;
				CURRENT_PROJECT_VERSION = 1;
				DEVELOPMENT_TEAM = X2UG4373KC;
				GENERATE_INFOPLIST_FILE = YES;
				MARKETING_VERSION = 1.0;
				PRODUCT_BUNDLE_IDENTIFIER = "io.handcart.GraphEditor-Watch-AppTests";
				PRODUCT_NAME = "$(TARGET_NAME)";
				SDKROOT = watchos;
				SWIFT_EMIT_LOC_STRINGS = NO;
				SWIFT_VERSION = 5.0;
				TARGETED_DEVICE_FAMILY = 4;
				TEST_HOST = "$(BUILT_PRODUCTS_DIR)/GraphEditor Watch App.app/$(BUNDLE_EXECUTABLE_FOLDER_PATH)/GraphEditor Watch App";
				VALIDATE_PRODUCT = YES;
				WATCHOS_DEPLOYMENT_TARGET = 11.5;
			};
			name = Release;
		};
		4ED767F12E3D4FC800929FA8 /* Debug */ = {
			isa = XCBuildConfiguration;
			buildSettings = {
				CODE_SIGN_STYLE = Automatic;
				CURRENT_PROJECT_VERSION = 1;
				DEVELOPMENT_TEAM = X2UG4373KC;
				GENERATE_INFOPLIST_FILE = YES;
				IPHONEOS_DEPLOYMENT_TARGET = 18.5;
				MARKETING_VERSION = 1.0;
				PRODUCT_BUNDLE_IDENTIFIER = io.handcart.GraphEditorSharedTests;
				PRODUCT_NAME = "$(TARGET_NAME)";
				SDKROOT = iphoneos;
				SWIFT_EMIT_LOC_STRINGS = NO;
				SWIFT_VERSION = 5.0;
				TARGETED_DEVICE_FAMILY = "1,2";
			};
			name = Debug;
		};
		4ED767F22E3D4FC800929FA8 /* Release */ = {
			isa = XCBuildConfiguration;
			buildSettings = {
				CODE_SIGN_STYLE = Automatic;
				CURRENT_PROJECT_VERSION = 1;
				DEVELOPMENT_TEAM = X2UG4373KC;
				GENERATE_INFOPLIST_FILE = YES;
				IPHONEOS_DEPLOYMENT_TARGET = 18.5;
				MARKETING_VERSION = 1.0;
				PRODUCT_BUNDLE_IDENTIFIER = io.handcart.GraphEditorSharedTests;
				PRODUCT_NAME = "$(TARGET_NAME)";
				SDKROOT = iphoneos;
				SWIFT_EMIT_LOC_STRINGS = NO;
				SWIFT_VERSION = 5.0;
				TARGETED_DEVICE_FAMILY = "1,2";
				VALIDATE_PRODUCT = YES;
			};
			name = Release;
		};
/* End XCBuildConfiguration section */

/* Begin XCConfigurationList section */
		4ED427692E3BF44700DEF801 /* Build configuration list for PBXProject "GraphEditor" */ = {
			isa = XCConfigurationList;
			buildConfigurations = (
				4ED4277D2E3BF44800DEF801 /* Debug */,
				4ED4277E2E3BF44800DEF801 /* Release */,
			);
			defaultConfigurationIsVisible = 0;
			defaultConfigurationName = Release;
		};
		4ED4277F2E3BF44800DEF801 /* Build configuration list for PBXNativeTarget "GraphEditor Watch App" */ = {
			isa = XCConfigurationList;
			buildConfigurations = (
				4ED427802E3BF44800DEF801 /* Debug */,
				4ED427812E3BF44800DEF801 /* Release */,
			);
			defaultConfigurationIsVisible = 0;
			defaultConfigurationName = Release;
		};
		4ED427832E3BF44800DEF801 /* Build configuration list for PBXNativeTarget "GraphEditor" */ = {
			isa = XCConfigurationList;
			buildConfigurations = (
				4ED427842E3BF44800DEF801 /* Debug */,
				4ED427852E3BF44800DEF801 /* Release */,
			);
			defaultConfigurationIsVisible = 0;
			defaultConfigurationName = Release;
		};
		4ED7679B2E3C7DFC00929FA8 /* Build configuration list for PBXNativeTarget "GraphEditor Watch AppTests" */ = {
			isa = XCConfigurationList;
			buildConfigurations = (
				4ED7679C2E3C7DFC00929FA8 /* Debug */,
				4ED7679D2E3C7DFC00929FA8 /* Release */,
			);
			defaultConfigurationIsVisible = 0;
			defaultConfigurationName = Release;
		};
		4ED767F02E3D4FC800929FA8 /* Build configuration list for PBXNativeTarget "GraphEditorSharedTests" */ = {
			isa = XCConfigurationList;
			buildConfigurations = (
				4ED767F12E3D4FC800929FA8 /* Debug */,
				4ED767F22E3D4FC800929FA8 /* Release */,
			);
			defaultConfigurationIsVisible = 0;
			defaultConfigurationName = Release;
		};
/* End XCConfigurationList section */

/* Begin XCLocalSwiftPackageReference section */
		4E7FF0E52E3D599800D5FB37 /* XCLocalSwiftPackageReference "../GraphEditorShared" */ = {
			isa = XCLocalSwiftPackageReference;
			relativePath = ../GraphEditorShared;
		};
/* End XCLocalSwiftPackageReference section */

/* Begin XCSwiftPackageProductDependency section */
		4EF955402E3D5A3700EE3C2E /* GraphEditorShared */ = {
			isa = XCSwiftPackageProductDependency;
			productName = GraphEditorShared;
		};
/* End XCSwiftPackageProductDependency section */
	};
	rootObject = 4ED427662E3BF44700DEF801 /* Project object */;
}
